<Solution>
  <Project Path="PetriEditor.Shared/PetriEditor.Shared.csproj" />
  <Project Path="PetriEditor.Analysis/PetriEditor.Analysis.csproj" />
  <Project Path="PetriEditor.Server/PetriEditor.Server.csproj" />
  <Project Path="PetriEditor.Client/PetriEditor.Client.csproj" />
  <Project Path="PetriEditor.Tests/PetriEditor.Tests.csproj" />
</Solution>
